hash: 0b0a69f67e9f3bfb5fc5a646ac4430b53fa1b2be9623684f75c721f60749442b
updated: 2019-04-23T17:03:48.532029461-05:00
imports:
- name: github.com/armon/go-metrics
  version: 2801d9688273d5b516966851b9a0863b9e6b0652
- name: github.com/BurntSushi/toml
  version: a368813c5e648fee92e5f6c30e3944ff9d5e8895
- name: github.com/coreos/go-systemd
  version: 95778dfbb74eb7e4dbaf43bf7d71809650ef8076
  subpackages:
  - dbus
- name: github.com/edgexfoundry/device-sdk-go
  version: 58ceab4ca78d83c4ad32384cd9246de601e88c4e
  subpackages:
  - internal/cache
  - internal/clients
  - internal/common
  - internal/config
  - internal/controller
  - internal/handler
  - internal/provision
  - internal/registry
  - internal/scheduler
  - internal/transformer
  - pkg/models
  - pkg/startup
- name: github.com/edgexfoundry/edgex-go
  version: 996c06895153f62347005a0c8a04887357af9b80
  subpackages:
  - pkg/clients
  - pkg/clients/coredata
  - pkg/clients/logging
  - pkg/clients/metadata
  - pkg/clients/types
  - pkg/models
- name: github.com/fatih/structs
  version: 878a968ab22548362a09bdb3322f98b00f470d46
- name: github.com/godbus/dbus
  version: 2ff6f7ffd60f0f2410b3105864bdd12c7894f844
  subpackages:
  - introspect
- name: github.com/gorilla/context
  version: 51ce91d2eaddeca0ef29a71d766bb3634dadf729
- name: github.com/gorilla/mux
  version: e3702bed27f0d39777b0b37b664b6280e8ef8fbf
- name: github.com/hashicorp/consul
  version: 5174058f0d2bda63fa5198ab96c33d9a909c58ed
  subpackages:
  - api
- name: github.com/hashicorp/go-cleanhttp
  version: d3fcbee8e1810ecee4bdbf415f42f84cfd0e3361
- name: github.com/hashicorp/go-immutable-radix
  version: 27df80928bb34bb1b0d6d0e01b9e679902e7a6b5
- name: github.com/hashicorp/go-rootcerts
  version: 63503fb4e1eca22f9ae0f90b49c5d5538a0e87eb
- name: github.com/hashicorp/golang-lru
  version: 7087cb70de9f7a8bc0a10c375cb0d2280a8edf9c
  subpackages:
  - simplelru
- name: github.com/hashicorp/serf
  version: 15cfd05de3dffb3664aa37b06e91f970b825e380
  subpackages:
  - coordinate
- name: github.com/konsorten/go-windows-terminal-sequences
  version: f55edac94c9bbba5d6182a4be46d86a2c9b5b50e
- name: github.com/mitchellh/go-homedir
  version: af06845cf3004701891bf4fdb884bfe4920b3727
- name: github.com/muka/ble
  version: c5982255bf40c9c8862768b014f33dd58d2784ff
  subpackages:
  - linux/hci/socket
- name: github.com/muka/go-bluetooth
  version: c37f45f4ed51656e61dda499c33f7e2f98fa4e12
  subpackages:
  - api
  - bluez
  - bluez/profile
  - emitter
  - linux
  - util
- name: github.com/pkg/errors
  version: ba968bfe8b2f7e042a574c888954fccecfa385b4
- name: github.com/robfig/cron
  version: b41be1df696709bb6395fe435af20370037c0b4c
- name: github.com/Sirupsen/logrus
  version: 9b3cdde74fbe9443d704467498a7dcb61a79de9b
- name: golang.org/x/sys
  version: 953cdadca894cdc07be76fc99f95b40c28f06623
  subpackages:
  - unix
- name: gopkg.in/mgo.v2
  version: 3f83fa5005286a7fe593b055f0d7771a7dce4655
  subpackages:
  - bson
  - internal/json
- name: gopkg.in/yaml.v2
  version: eb3733d160e74a9c7e442f435eb3bea458e1d19f
testImports: []
